{
    "elasticsearch/elasticsearch": {
        "version": "v6.7.2"
    },
    "friendsofsymfony/elastica-bundle": {
        "version": "5.0",
        "recipe": {
            "repo": "github.com/symfony/recipes-contrib",
            "branch": "master",
            "version": "5.0",
            "ref": "a5638a07d11c8eef6f0280a20d6d1ddd91ad62ec"
        },
        "files": [
            "config/packages/fos_elastica.yaml"
        ]
    },
    "friendsofsymfony/jsrouting-bundle": {
        "version": "2.3",
        "recipe": {
            "repo": "github.com/symfony/recipes-contrib",
            "branch": "master",
            "version": "2.3",
            "ref": "a9f2e49180f75cdc71ae279a929c4b2e0638de84"
        },
        "files": [
            "config/routes/fos_js_routing.yaml"
        ]
    },
    "guzzlehttp/ringphp": {
        "version": "1.1.1"
    },
    "guzzlehttp/streams": {
        "version": "3.0.0"
    },
    "lexik/translation-bundle": {
        "version": "4.x.x-dev"
    },
    "react/promise": {
        "version": "v2.7.1"
    },
    "ruflin/elastica": {
        "version": "6.1.1"
    },
    "symfony/process": {
        "version": "v4.3.5"
    },
    "symfony/web-server-bundle": {
        "version": "3.3",
        "recipe": {
            "repo": "github.com/symfony/recipes",
            "branch": "master",
            "version": "3.3",
            "ref": "dae9b39fd6717970be7601101ce5aa960bf53d9a"
        }
    }
}
