{
    "elasticsearch/elasticsearch": {
        "version": "v6.7.2"
    },
    "friendsofsymfony/elastica-bundle": {
        "version": "5.0",
        "recipe": {
            "repo": "github.com/symfony/recipes-contrib",
            "branch": "master",
            "version": "5.0",
            "ref": "a5638a07d11c8eef6f0280a20d6d1ddd91ad62ec"
        },
        "files": [
            "config/packages/fos_elastica.yaml"
        ]
    },
    "guzzlehttp/ringphp": {
        "version": "1.1.1"
    },
    "guzzlehttp/streams": {
        "version": "3.0.0"
    },
    "lexik/translation-bundle": {
        "version": "4.x.x-dev"
    },
    "react/promise": {
        "version": "v2.7.1"
    },
    "ruflin/elastica": {
        "version": "6.1.1"
    }
}
